
Microsoft Visual Studio Solution File, Format Version 12.00
# Visual Studio Version 17
VisualStudioVersion = 17.1.32228.430
MinimumVisualStudioVersion = 10.0.40219.1
Project("{9A19103F-16F7-4668-BE54-9A1E7A4F7556}") = "EditingUsersWPF", "EditingUsersWPF\EditingUsersWPF.csproj", "{57706274-E47B-4767-BBC2-6A31CE6AA106}"
EndProject
Project("{9A19103F-16F7-4668-BE54-9A1E7A4F7556}") = "BusinessLogic", "BusinessLogic\BusinessLogic.csproj", "{366D3BB2-C413-42A3-BC7F-CA521800C575}"
EndProject
Project("{9A19103F-16F7-4668-BE54-9A1E7A4F7556}") = "EditingUsersDAL", "EditingUsersDAL\EditingUsersDAL.csproj", "{072A2E88-8AFC-4A3E-BF9F-FEF45716C9D7}"
EndProject
Project("{FAE04EC0-301F-11D3-BF4B-00C04F79EFBC}") = "EditingUsersDALTests", "EditingUsersDALTests\EditingUsersDALTests.csproj", "{2064F3EC-FD8C-4E7D-B534-1C6CF0B3232B}"
EndProject
Global
	GlobalSection(SolutionConfigurationPlatforms) = preSolution
		Debug|Any CPU = Debug|Any CPU
		Release|Any CPU = Release|Any CPU
	EndGlobalSection
	GlobalSection(ProjectConfigurationPlatforms) = postSolution
		{57706274-E47B-4767-BBC2-6A31CE6AA106}.Debug|Any CPU.ActiveCfg = Debug|Any CPU
		{57706274-E47B-4767-BBC2-6A31CE6AA106}.Debug|Any CPU.Build.0 = Debug|Any CPU
		{57706274-E47B-4767-BBC2-6A31CE6AA106}.Release|Any CPU.ActiveCfg = Release|Any CPU
		{57706274-E47B-4767-BBC2-6A31CE6AA106}.Release|Any CPU.Build.0 = Release|Any CPU
		{366D3BB2-C413-42A3-BC7F-CA521800C575}.Debug|Any CPU.ActiveCfg = Debug|Any CPU
		{366D3BB2-C413-42A3-BC7F-CA521800C575}.Debug|Any CPU.Build.0 = Debug|Any CPU
		{366D3BB2-C413-42A3-BC7F-CA521800C575}.Release|Any CPU.ActiveCfg = Release|Any CPU
		{366D3BB2-C413-42A3-BC7F-CA521800C575}.Release|Any CPU.Build.0 = Release|Any CPU
		{072A2E88-8AFC-4A3E-BF9F-FEF45716C9D7}.Debug|Any CPU.ActiveCfg = Debug|Any CPU
		{072A2E88-8AFC-4A3E-BF9F-FEF45716C9D7}.Debug|Any CPU.Build.0 = Debug|Any CPU
		{072A2E88-8AFC-4A3E-BF9F-FEF45716C9D7}.Release|Any CPU.ActiveCfg = Release|Any CPU
		{072A2E88-8AFC-4A3E-BF9F-FEF45716C9D7}.Release|Any CPU.Build.0 = Release|Any CPU
		{2064F3EC-FD8C-4E7D-B534-1C6CF0B3232B}.Debug|Any CPU.ActiveCfg = Debug|Any CPU
		{2064F3EC-FD8C-4E7D-B534-1C6CF0B3232B}.Debug|Any CPU.Build.0 = Debug|Any CPU
		{2064F3EC-FD8C-4E7D-B534-1C6CF0B3232B}.Release|Any CPU.ActiveCfg = Release|Any CPU
		{2064F3EC-FD8C-4E7D-B534-1C6CF0B3232B}.Release|Any CPU.Build.0 = Release|Any CPU
	EndGlobalSection
	GlobalSection(SolutionProperties) = preSolution
		HideSolutionNode = FALSE
	EndGlobalSection
	GlobalSection(ExtensibilityGlobals) = postSolution
		SolutionGuid = {6A76B3CE-6947-4FDF-B060-2F03D3CAD5BE}
	EndGlobalSection
EndGlobal
